
Microsoft Visual Studio Solution File, Format Version 12.00
# Visual Studio Version 17
VisualStudioVersion = 17.5.33424.131
MinimumVisualStudioVersion = 10.0.40219.1
Project("{2150E333-8FDC-42A3-9474-1A3956D46DE8}") = "Services", "Services", "{009466BA-644A-43C5-BA89-6BC38DB0A2E8}"
EndProject
Project("{2150E333-8FDC-42A3-9474-1A3956D46DE8}") = "Basket", "Basket", "{0EF16300-5232-4CDC-86C3-95198079397B}"
EndProject
Project("{2150E333-8FDC-42A3-9474-1A3956D46DE8}") = "Catalog", "Catalog", "{E3E30074-284C-40F6-9B07-E5BF7A279D0C}"
EndProject
Project("{2150E333-8FDC-42A3-9474-1A3956D46DE8}") = "Discount", "Discount", "{E079F4B3-2B7B-46B2-8FC9-A1862B8DC7FF}"
EndProject
Project("{2150E333-8FDC-42A3-9474-1A3956D46DE8}") = "Payment", "Payment", "{8A0601A5-E2E5-4B75-AD75-5E9567CE1C3C}"
EndProject
Project("{2150E333-8FDC-42A3-9474-1A3956D46DE8}") = "Order", "Order", "{16D10F0E-4CD7-4A7A-8DDE-B5EAF144D966}"
EndProject
Project("{2150E333-8FDC-42A3-9474-1A3956D46DE8}") = "Stock", "Stock", "{563EB073-BB32-46DC-8521-00979B616CD7}"
EndProject
Project("{2150E333-8FDC-42A3-9474-1A3956D46DE8}") = "Shared", "Shared", "{32F63D10-A024-48B8-BE18-C3A7E80CA97C}"
EndProject
Project("{2150E333-8FDC-42A3-9474-1A3956D46DE8}") = "Frontend", "Frontend", "{519CACCC-4435-462B-A54E-03FB889E7D8F}"
EndProject
Project("{2150E333-8FDC-42A3-9474-1A3956D46DE8}") = "Gateways", "Gateways", "{FB8B12E1-7D51-43D4-87BE-D032B68772C9}"
EndProject
Project("{2150E333-8FDC-42A3-9474-1A3956D46DE8}") = "Solutions", "Solutions", "{5DA657FC-2B04-44D9-9605-BE7A8A05D2AD}"
EndProject
Project("{2150E333-8FDC-42A3-9474-1A3956D46DE8}") = "Transportation", "Transportation", "{C9742BCE-C590-4F09-A592-9BC7E3B48D10}"
EndProject
Project("{FAE04EC0-301F-11D3-BF4B-00C04F79EFBC}") = "Microservice.Services.Catalog", "Services\Catalog\Microservice.Services.Catalog\Microservice.Services.Catalog.csproj", "{9384D2F8-32C0-4E47-9CC9-666B8669A243}"
EndProject
Project("{FAE04EC0-301F-11D3-BF4B-00C04F79EFBC}") = "Microservice.Shared", "Shared\Microservice.Shared\Microservice.Shared.csproj", "{F3FAE738-916F-46D9-8196-9DCF90E8E289}"
EndProject
Global
	GlobalSection(SolutionConfigurationPlatforms) = preSolution
		Debug|Any CPU = Debug|Any CPU
		Release|Any CPU = Release|Any CPU
	EndGlobalSection
	GlobalSection(ProjectConfigurationPlatforms) = postSolution
		{9384D2F8-32C0-4E47-9CC9-666B8669A243}.Debug|Any CPU.ActiveCfg = Debug|Any CPU
		{9384D2F8-32C0-4E47-9CC9-666B8669A243}.Debug|Any CPU.Build.0 = Debug|Any CPU
		{9384D2F8-32C0-4E47-9CC9-666B8669A243}.Release|Any CPU.ActiveCfg = Release|Any CPU
		{9384D2F8-32C0-4E47-9CC9-666B8669A243}.Release|Any CPU.Build.0 = Release|Any CPU
		{F3FAE738-916F-46D9-8196-9DCF90E8E289}.Debug|Any CPU.ActiveCfg = Debug|Any CPU
		{F3FAE738-916F-46D9-8196-9DCF90E8E289}.Debug|Any CPU.Build.0 = Debug|Any CPU
		{F3FAE738-916F-46D9-8196-9DCF90E8E289}.Release|Any CPU.ActiveCfg = Release|Any CPU
		{F3FAE738-916F-46D9-8196-9DCF90E8E289}.Release|Any CPU.Build.0 = Release|Any CPU
	EndGlobalSection
	GlobalSection(SolutionProperties) = preSolution
		HideSolutionNode = FALSE
	EndGlobalSection
	GlobalSection(NestedProjects) = preSolution
		{0EF16300-5232-4CDC-86C3-95198079397B} = {009466BA-644A-43C5-BA89-6BC38DB0A2E8}
		{E3E30074-284C-40F6-9B07-E5BF7A279D0C} = {009466BA-644A-43C5-BA89-6BC38DB0A2E8}
		{E079F4B3-2B7B-46B2-8FC9-A1862B8DC7FF} = {009466BA-644A-43C5-BA89-6BC38DB0A2E8}
		{8A0601A5-E2E5-4B75-AD75-5E9567CE1C3C} = {009466BA-644A-43C5-BA89-6BC38DB0A2E8}
		{16D10F0E-4CD7-4A7A-8DDE-B5EAF144D966} = {009466BA-644A-43C5-BA89-6BC38DB0A2E8}
		{563EB073-BB32-46DC-8521-00979B616CD7} = {009466BA-644A-43C5-BA89-6BC38DB0A2E8}
		{C9742BCE-C590-4F09-A592-9BC7E3B48D10} = {009466BA-644A-43C5-BA89-6BC38DB0A2E8}
		{9384D2F8-32C0-4E47-9CC9-666B8669A243} = {E3E30074-284C-40F6-9B07-E5BF7A279D0C}
		{F3FAE738-916F-46D9-8196-9DCF90E8E289} = {32F63D10-A024-48B8-BE18-C3A7E80CA97C}
	EndGlobalSection
	GlobalSection(ExtensibilityGlobals) = postSolution
		SolutionGuid = {0521D690-D461-4B20-AF42-846B749DC431}
	EndGlobalSection
EndGlobal
